
Microsoft Visual Studio Solution File, Format Version 12.00
# Visual Studio Version 16
VisualStudioVersion = 16.0.810.17
MinimumVisualStudioVersion = 10.0.40219.1
Project("{FAE04EC0-301F-11D3-BF4B-00C04F79EFBC}") = "homeworkBP202", "homeworkBP202\homeworkBP202.csproj", "{591FA42D-97F2-403F-9794-2307533CC3D8}"
EndProject
Project("{FAE04EC0-301F-11D3-BF4B-00C04F79EFBC}") = "Task2", "Task2\Task2.csproj", "{B36464ED-750B-4442-9407-421785B27485}"
EndProject
Global
	GlobalSection(SolutionConfigurationPlatforms) = preSolution
		Debug|Any CPU = Debug|Any CPU
		Release|Any CPU = Release|Any CPU
	EndGlobalSection
	GlobalSection(ProjectConfigurationPlatforms) = postSolution
		{591FA42D-97F2-403F-9794-2307533CC3D8}.Debug|Any CPU.ActiveCfg = Debug|Any CPU
		{591FA42D-97F2-403F-9794-2307533CC3D8}.Debug|Any CPU.Build.0 = Debug|Any CPU
		{591FA42D-97F2-403F-9794-2307533CC3D8}.Release|Any CPU.ActiveCfg = Release|Any CPU
		{591FA42D-97F2-403F-9794-2307533CC3D8}.Release|Any CPU.Build.0 = Release|Any CPU
		{B36464ED-750B-4442-9407-421785B27485}.Debug|Any CPU.ActiveCfg = Debug|Any CPU
		{B36464ED-750B-4442-9407-421785B27485}.Debug|Any CPU.Build.0 = Debug|Any CPU
		{B36464ED-750B-4442-9407-421785B27485}.Release|Any CPU.ActiveCfg = Release|Any CPU
		{B36464ED-750B-4442-9407-421785B27485}.Release|Any CPU.Build.0 = Release|Any CPU
	EndGlobalSection
	GlobalSection(SolutionProperties) = preSolution
		HideSolutionNode = FALSE
	EndGlobalSection
	GlobalSection(ExtensibilityGlobals) = postSolution
		SolutionGuid = {A3378945-D84D-457D-8A4D-B11E09BEC02A}
	EndGlobalSection
EndGlobal
